
Microsoft Visual Studio Solution File, Format Version 12.00
Project("{FAE04EC0-301F-11D3-BF4B-00C04F79EFBC}") = "Day01", "Day01\Day01.csproj", "{B15BC132-DD8D-4673-B565-D7768D728FEA}"
EndProject
Project("{FAE04EC0-301F-11D3-BF4B-00C04F79EFBC}") = "Day02", "Day02\Day02.csproj", "{A762D102-2D05-4654-8E81-3D5019690686}"
EndProject
Project("{FAE04EC0-301F-11D3-BF4B-00C04F79EFBC}") = "Day03", "Day03\Day03.csproj", "{12F17BC2-E455-4713-881D-C875DF1B53F2}"
EndProject
Project("{FAE04EC0-301F-11D3-BF4B-00C04F79EFBC}") = "Day04", "Day04\Day04.csproj", "{8ED7B978-BE99-465C-A697-0F9D8213AD69}"
EndProject
Project("{FAE04EC0-301F-11D3-BF4B-00C04F79EFBC}") = "Day05", "Day05\Day05.csproj", "{4518CD76-6724-4F6B-9D51-DD26CD7A6B92}"
EndProject
Project("{FAE04EC0-301F-11D3-BF4B-00C04F79EFBC}") = "Day06", "Day06\Day06.csproj", "{E723990C-AAC5-4FE3-B6D4-64A117698939}"
EndProject
Project("{FAE04EC0-301F-11D3-BF4B-00C04F79EFBC}") = "Day07", "Day07\Day07.csproj", "{7396BCCE-A75F-4600-9EAF-8D58F6B9A05C}"
EndProject
Project("{FAE04EC0-301F-11D3-BF4B-00C04F79EFBC}") = "Day08", "Day08\Day08.csproj", "{76936240-8B2A-4214-92C7-4037E3C27313}"
EndProject
Project("{FAE04EC0-301F-11D3-BF4B-00C04F79EFBC}") = "Day09", "Day09\Day09.csproj", "{BDD40D6A-C952-4E1C-853D-B796FAF89333}"
EndProject
Project("{FAE04EC0-301F-11D3-BF4B-00C04F79EFBC}") = "Day10", "Day10\Day10.csproj", "{79A2DAA9-EE0B-4FA5-B678-81A61FFF8D9C}"
EndProject
Project("{FAE04EC0-301F-11D3-BF4B-00C04F79EFBC}") = "Day11", "Day11\Day11.csproj", "{847073C5-E9AB-4703-B616-B8A9D7BE75D7}"
EndProject
Global
	GlobalSection(SolutionConfigurationPlatforms) = preSolution
		Debug|Any CPU = Debug|Any CPU
		Release|Any CPU = Release|Any CPU
	EndGlobalSection
	GlobalSection(ProjectConfigurationPlatforms) = postSolution
		{B15BC132-DD8D-4673-B565-D7768D728FEA}.Debug|Any CPU.ActiveCfg = Debug|Any CPU
		{B15BC132-DD8D-4673-B565-D7768D728FEA}.Debug|Any CPU.Build.0 = Debug|Any CPU
		{B15BC132-DD8D-4673-B565-D7768D728FEA}.Release|Any CPU.ActiveCfg = Release|Any CPU
		{B15BC132-DD8D-4673-B565-D7768D728FEA}.Release|Any CPU.Build.0 = Release|Any CPU
		{A762D102-2D05-4654-8E81-3D5019690686}.Debug|Any CPU.ActiveCfg = Debug|Any CPU
		{A762D102-2D05-4654-8E81-3D5019690686}.Debug|Any CPU.Build.0 = Debug|Any CPU
		{A762D102-2D05-4654-8E81-3D5019690686}.Release|Any CPU.ActiveCfg = Release|Any CPU
		{A762D102-2D05-4654-8E81-3D5019690686}.Release|Any CPU.Build.0 = Release|Any CPU
		{12F17BC2-E455-4713-881D-C875DF1B53F2}.Debug|Any CPU.ActiveCfg = Debug|Any CPU
		{12F17BC2-E455-4713-881D-C875DF1B53F2}.Debug|Any CPU.Build.0 = Debug|Any CPU
		{12F17BC2-E455-4713-881D-C875DF1B53F2}.Release|Any CPU.ActiveCfg = Release|Any CPU
		{12F17BC2-E455-4713-881D-C875DF1B53F2}.Release|Any CPU.Build.0 = Release|Any CPU
		{8ED7B978-BE99-465C-A697-0F9D8213AD69}.Debug|Any CPU.ActiveCfg = Debug|Any CPU
		{8ED7B978-BE99-465C-A697-0F9D8213AD69}.Debug|Any CPU.Build.0 = Debug|Any CPU
		{8ED7B978-BE99-465C-A697-0F9D8213AD69}.Release|Any CPU.ActiveCfg = Release|Any CPU
		{8ED7B978-BE99-465C-A697-0F9D8213AD69}.Release|Any CPU.Build.0 = Release|Any CPU
		{4518CD76-6724-4F6B-9D51-DD26CD7A6B92}.Debug|Any CPU.ActiveCfg = Debug|Any CPU
		{4518CD76-6724-4F6B-9D51-DD26CD7A6B92}.Debug|Any CPU.Build.0 = Debug|Any CPU
		{4518CD76-6724-4F6B-9D51-DD26CD7A6B92}.Release|Any CPU.ActiveCfg = Release|Any CPU
		{4518CD76-6724-4F6B-9D51-DD26CD7A6B92}.Release|Any CPU.Build.0 = Release|Any CPU
		{E723990C-AAC5-4FE3-B6D4-64A117698939}.Debug|Any CPU.ActiveCfg = Debug|Any CPU
		{E723990C-AAC5-4FE3-B6D4-64A117698939}.Debug|Any CPU.Build.0 = Debug|Any CPU
		{E723990C-AAC5-4FE3-B6D4-64A117698939}.Release|Any CPU.ActiveCfg = Release|Any CPU
		{E723990C-AAC5-4FE3-B6D4-64A117698939}.Release|Any CPU.Build.0 = Release|Any CPU
		{A08B5705-D721-4435-99B7-8A64A84141A6}.Debug|Any CPU.ActiveCfg = Debug|Any CPU
		{A08B5705-D721-4435-99B7-8A64A84141A6}.Debug|Any CPU.Build.0 = Debug|Any CPU
		{A08B5705-D721-4435-99B7-8A64A84141A6}.Release|Any CPU.ActiveCfg = Release|Any CPU
		{A08B5705-D721-4435-99B7-8A64A84141A6}.Release|Any CPU.Build.0 = Release|Any CPU
		{7396BCCE-A75F-4600-9EAF-8D58F6B9A05C}.Debug|Any CPU.ActiveCfg = Debug|Any CPU
		{7396BCCE-A75F-4600-9EAF-8D58F6B9A05C}.Debug|Any CPU.Build.0 = Debug|Any CPU
		{7396BCCE-A75F-4600-9EAF-8D58F6B9A05C}.Release|Any CPU.ActiveCfg = Release|Any CPU
		{7396BCCE-A75F-4600-9EAF-8D58F6B9A05C}.Release|Any CPU.Build.0 = Release|Any CPU
		{76936240-8B2A-4214-92C7-4037E3C27313}.Debug|Any CPU.ActiveCfg = Debug|Any CPU
		{76936240-8B2A-4214-92C7-4037E3C27313}.Debug|Any CPU.Build.0 = Debug|Any CPU
		{76936240-8B2A-4214-92C7-4037E3C27313}.Release|Any CPU.ActiveCfg = Release|Any CPU
		{76936240-8B2A-4214-92C7-4037E3C27313}.Release|Any CPU.Build.0 = Release|Any CPU
		{BDD40D6A-C952-4E1C-853D-B796FAF89333}.Debug|Any CPU.ActiveCfg = Debug|Any CPU
		{BDD40D6A-C952-4E1C-853D-B796FAF89333}.Debug|Any CPU.Build.0 = Debug|Any CPU
		{BDD40D6A-C952-4E1C-853D-B796FAF89333}.Release|Any CPU.ActiveCfg = Release|Any CPU
		{BDD40D6A-C952-4E1C-853D-B796FAF89333}.Release|Any CPU.Build.0 = Release|Any CPU
		{79A2DAA9-EE0B-4FA5-B678-81A61FFF8D9C}.Debug|Any CPU.ActiveCfg = Debug|Any CPU
		{79A2DAA9-EE0B-4FA5-B678-81A61FFF8D9C}.Debug|Any CPU.Build.0 = Debug|Any CPU
		{79A2DAA9-EE0B-4FA5-B678-81A61FFF8D9C}.Release|Any CPU.ActiveCfg = Release|Any CPU
		{79A2DAA9-EE0B-4FA5-B678-81A61FFF8D9C}.Release|Any CPU.Build.0 = Release|Any CPU
		{847073C5-E9AB-4703-B616-B8A9D7BE75D7}.Debug|Any CPU.ActiveCfg = Debug|Any CPU
		{847073C5-E9AB-4703-B616-B8A9D7BE75D7}.Debug|Any CPU.Build.0 = Debug|Any CPU
		{847073C5-E9AB-4703-B616-B8A9D7BE75D7}.Release|Any CPU.ActiveCfg = Release|Any CPU
		{847073C5-E9AB-4703-B616-B8A9D7BE75D7}.Release|Any CPU.Build.0 = Release|Any CPU
	EndGlobalSection
EndGlobal
